
Microsoft Visual Studio Solution File, Format Version 12.00
# Visual Studio Version 16
VisualStudioVersion = 16.0.34301.259
MinimumVisualStudioVersion = 10.0.40219.1
Project("{FAE04EC0-301F-11D3-BF4B-00C04F79EFBC}") = "ProdutoNomePreçoQuantidadeCOO", "ProdutoNomePreçoQuantidadeCOO.csproj", "{FBBE1B31-FF2C-49F0-B0A4-F677132600BB}"
EndProject
Global
	GlobalSection(SolutionConfigurationPlatforms) = preSolution
		Debug|Any CPU = Debug|Any CPU
		Release|Any CPU = Release|Any CPU
	EndGlobalSection
	GlobalSection(ProjectConfigurationPlatforms) = postSolution
		{FBBE1B31-FF2C-49F0-B0A4-F677132600BB}.Debug|Any CPU.ActiveCfg = Debug|Any CPU
		{FBBE1B31-FF2C-49F0-B0A4-F677132600BB}.Debug|Any CPU.Build.0 = Debug|Any CPU
		{FBBE1B31-FF2C-49F0-B0A4-F677132600BB}.Release|Any CPU.ActiveCfg = Release|Any CPU
		{FBBE1B31-FF2C-49F0-B0A4-F677132600BB}.Release|Any CPU.Build.0 = Release|Any CPU
	EndGlobalSection
	GlobalSection(SolutionProperties) = preSolution
		HideSolutionNode = FALSE
	EndGlobalSection
	GlobalSection(ExtensibilityGlobals) = postSolution
		SolutionGuid = {EF44FEBB-5114-4F46-84D8-40E789C2230F}
	EndGlobalSection
EndGlobal
